
Microsoft Visual Studio Solution File, Format Version 12.00
# Visual Studio Version 17
VisualStudioVersion = 17.0.31903.59
MinimumVisualStudioVersion = 10.0.40219.1
Project("{FAE04EC0-301F-11D3-BF4B-00C04F79EFBC}") = "Restaurants.API", "Restaurants.API\Restaurants.API.csproj", "{679C3C4C-4AB2-4FA0-A253-28E9C3D1977B}"
EndProject
Project("{FAE04EC0-301F-11D3-BF4B-00C04F79EFBC}") = "Restaurants.Domain", "Restaurants.Domain\Restaurants.Domain.csproj", "{F3135612-1C47-4882-8449-3065925F0373}"
EndProject
Project("{FAE04EC0-301F-11D3-BF4B-00C04F79EFBC}") = "Restaurants.Application", "Restaurants.Application\Restaurants.Application.csproj", "{3E7B6BD4-5B58-4A18-BA0F-07FFDC4E4A25}"
EndProject
Project("{FAE04EC0-301F-11D3-BF4B-00C04F79EFBC}") = "Restaurants.Infrastructure", "Restaurants.Infrastructure\Restaurants.Infrastructure.csproj", "{6AEEE1D0-D175-4F86-9720-14BE24CE4B4B}"
EndProject
Project("{2150E333-8FDC-42A3-9474-1A3956D46DE8}") = "tests", "tests", "{0D68D0A1-BA90-45C7-9109-9C8C8A9345ED}"
EndProject
Project("{FAE04EC0-301F-11D3-BF4B-00C04F79EFBC}") = "Restaurants.Application.Tests", "Restaurants.Application.Tests\Restaurants.Application.Tests.csproj", "{C35B0444-B2F4-4584-A4BB-A0A5A9A70232}"
EndProject
Project("{FAE04EC0-301F-11D3-BF4B-00C04F79EFBC}") = "Restaurants.Infrastructure.Tests", "Restaurants.Infrastructure.Tests\Restaurants.Infrastructure.Tests.csproj", "{80F1A290-E837-42DE-9F4B-460CBCF740B8}"
EndProject
Global
	GlobalSection(SolutionConfigurationPlatforms) = preSolution
		Debug|Any CPU = Debug|Any CPU
		Release|Any CPU = Release|Any CPU
	EndGlobalSection
	GlobalSection(SolutionProperties) = preSolution
		HideSolutionNode = FALSE
	EndGlobalSection
	GlobalSection(ProjectConfigurationPlatforms) = postSolution
		{679C3C4C-4AB2-4FA0-A253-28E9C3D1977B}.Debug|Any CPU.ActiveCfg = Debug|Any CPU
		{679C3C4C-4AB2-4FA0-A253-28E9C3D1977B}.Debug|Any CPU.Build.0 = Debug|Any CPU
		{679C3C4C-4AB2-4FA0-A253-28E9C3D1977B}.Release|Any CPU.ActiveCfg = Release|Any CPU
		{679C3C4C-4AB2-4FA0-A253-28E9C3D1977B}.Release|Any CPU.Build.0 = Release|Any CPU
		{F3135612-1C47-4882-8449-3065925F0373}.Debug|Any CPU.ActiveCfg = Debug|Any CPU
		{F3135612-1C47-4882-8449-3065925F0373}.Debug|Any CPU.Build.0 = Debug|Any CPU
		{F3135612-1C47-4882-8449-3065925F0373}.Release|Any CPU.ActiveCfg = Release|Any CPU
		{F3135612-1C47-4882-8449-3065925F0373}.Release|Any CPU.Build.0 = Release|Any CPU
		{3E7B6BD4-5B58-4A18-BA0F-07FFDC4E4A25}.Debug|Any CPU.ActiveCfg = Debug|Any CPU
		{3E7B6BD4-5B58-4A18-BA0F-07FFDC4E4A25}.Debug|Any CPU.Build.0 = Debug|Any CPU
		{3E7B6BD4-5B58-4A18-BA0F-07FFDC4E4A25}.Release|Any CPU.ActiveCfg = Release|Any CPU
		{3E7B6BD4-5B58-4A18-BA0F-07FFDC4E4A25}.Release|Any CPU.Build.0 = Release|Any CPU
		{6AEEE1D0-D175-4F86-9720-14BE24CE4B4B}.Debug|Any CPU.ActiveCfg = Debug|Any CPU
		{6AEEE1D0-D175-4F86-9720-14BE24CE4B4B}.Debug|Any CPU.Build.0 = Debug|Any CPU
		{6AEEE1D0-D175-4F86-9720-14BE24CE4B4B}.Release|Any CPU.ActiveCfg = Release|Any CPU
		{6AEEE1D0-D175-4F86-9720-14BE24CE4B4B}.Release|Any CPU.Build.0 = Release|Any CPU
		{C35B0444-B2F4-4584-A4BB-A0A5A9A70232}.Debug|Any CPU.ActiveCfg = Debug|Any CPU
		{C35B0444-B2F4-4584-A4BB-A0A5A9A70232}.Debug|Any CPU.Build.0 = Debug|Any CPU
		{C35B0444-B2F4-4584-A4BB-A0A5A9A70232}.Release|Any CPU.ActiveCfg = Release|Any CPU
		{C35B0444-B2F4-4584-A4BB-A0A5A9A70232}.Release|Any CPU.Build.0 = Release|Any CPU
		{80F1A290-E837-42DE-9F4B-460CBCF740B8}.Debug|Any CPU.ActiveCfg = Debug|Any CPU
		{80F1A290-E837-42DE-9F4B-460CBCF740B8}.Debug|Any CPU.Build.0 = Debug|Any CPU
		{80F1A290-E837-42DE-9F4B-460CBCF740B8}.Release|Any CPU.ActiveCfg = Release|Any CPU
		{80F1A290-E837-42DE-9F4B-460CBCF740B8}.Release|Any CPU.Build.0 = Release|Any CPU
	EndGlobalSection
	GlobalSection(NestedProjects) = preSolution
		{C35B0444-B2F4-4584-A4BB-A0A5A9A70232} = {0D68D0A1-BA90-45C7-9109-9C8C8A9345ED}
		{80F1A290-E837-42DE-9F4B-460CBCF740B8} = {0D68D0A1-BA90-45C7-9109-9C8C8A9345ED}
	EndGlobalSection
EndGlobal
